// !$*UTF8*$!
{
	archiveVersion = 1;
	classes = {
	};
	objectVersion = 51;
	objects = {

/* Begin PBXBuildFile section */
		0DF49396266F236A12042BFA /* Pods_UpDayTests.framework in Frameworks */ = {isa = PBXBuildFile; fileRef = D5AF0B95B4BFBF5D67B50E1E /* Pods_UpDayTests.framework */; };
		A133EF289674555BFA63E072 /* Pods_UpDay.framework in Frameworks */ = {isa = PBXBuildFile; fileRef = 31A033645976CA73551875C1 /* Pods_UpDay.framework */; };
		D400FFF922E0A3860028F51F /* FetchImageContract.swift in Sources */ = {isa = PBXBuildFile; fileRef = D400FFF822E0A3850028F51F /* FetchImageContract.swift */; };
		D400FFFB22E0A4C50028F51F /* FetchImage.swift in Sources */ = {isa = PBXBuildFile; fileRef = D400FFFA22E0A4C50028F51F /* FetchImage.swift */; };
		D41A206322DB971400058CD7 /* ApplicationAssembly.swift in Sources */ = {isa = PBXBuildFile; fileRef = D41A206222DB971400058CD7 /* ApplicationAssembly.swift */; };
		D41A206D22DB9F2700058CD7 /* PicturesCollectionAssembly.swift in Sources */ = {isa = PBXBuildFile; fileRef = D41A206C22DB9F2700058CD7 /* PicturesCollectionAssembly.swift */; };
		D41A207122DBA22900058CD7 /* NetworkAssembly.swift in Sources */ = {isa = PBXBuildFile; fileRef = D41A207022DBA22900058CD7 /* NetworkAssembly.swift */; };
		D41A207522DBA2E800058CD7 /* ApiServiceContract.swift in Sources */ = {isa = PBXBuildFile; fileRef = D41A207422DBA2E800058CD7 /* ApiServiceContract.swift */; };
		D41A207722DBA52300058CD7 /* ApiService.swift in Sources */ = {isa = PBXBuildFile; fileRef = D41A207622DBA52300058CD7 /* ApiService.swift */; };
		D41A207922DBC05C00058CD7 /* ApiContract.swift in Sources */ = {isa = PBXBuildFile; fileRef = D41A207822DBC05C00058CD7 /* ApiContract.swift */; };
		D41A207B22DBC25C00058CD7 /* FetchPicturesApi.swift in Sources */ = {isa = PBXBuildFile; fileRef = D41A207A22DBC25C00058CD7 /* FetchPicturesApi.swift */; };
		D41A207D22DBC2A700058CD7 /* FetchPicturesApiContract.swift in Sources */ = {isa = PBXBuildFile; fileRef = D41A207C22DBC2A700058CD7 /* FetchPicturesApiContract.swift */; };
		D41A207F22DBC79F00058CD7 /* FetchPicturesServiceContract.swift in Sources */ = {isa = PBXBuildFile; fileRef = D41A207E22DBC79F00058CD7 /* FetchPicturesServiceContract.swift */; };
		D41A208122DBC91A00058CD7 /* PicturesList.swift in Sources */ = {isa = PBXBuildFile; fileRef = D41A208022DBC91A00058CD7 /* PicturesList.swift */; };
		D41A208322DBCE4300058CD7 /* FetchPicturesService.swift in Sources */ = {isa = PBXBuildFile; fileRef = D41A208222DBCE4300058CD7 /* FetchPicturesService.swift */; };
		D41A208522DBD0D400058CD7 /* JSONDecoderContract.swift in Sources */ = {isa = PBXBuildFile; fileRef = D41A208422DBD0D400058CD7 /* JSONDecoderContract.swift */; };
		D41A208722DBD11400058CD7 /* JsonDecoder.swift in Sources */ = {isa = PBXBuildFile; fileRef = D41A208622DBD11400058CD7 /* JsonDecoder.swift */; };
		D41EB42322DF79E600657D88 /* PicturesCollectionViewCell.swift in Sources */ = {isa = PBXBuildFile; fileRef = D41EB42222DF79E600657D88 /* PicturesCollectionViewCell.swift */; };
		D432F14222E0FD1500FA1FDE /* ImageCacheContract.swift in Sources */ = {isa = PBXBuildFile; fileRef = D432F14122E0FD1500FA1FDE /* ImageCacheContract.swift */; };
		D432F14422E0FDE600FA1FDE /* ImageCache.swift in Sources */ = {isa = PBXBuildFile; fileRef = D432F14322E0FDE600FA1FDE /* ImageCache.swift */; };
		D432F14A22E1025900FA1FDE /* ImageCacheAssembly.swift in Sources */ = {isa = PBXBuildFile; fileRef = D432F14922E1025900FA1FDE /* ImageCacheAssembly.swift */; };
		D432F14D22E1086600FA1FDE /* FetchImageInteractorContract.swift in Sources */ = {isa = PBXBuildFile; fileRef = D432F14C22E1086600FA1FDE /* FetchImageInteractorContract.swift */; };
		D432F14F22E108EB00FA1FDE /* FetchImageInteractor.swift in Sources */ = {isa = PBXBuildFile; fileRef = D432F14E22E108EB00FA1FDE /* FetchImageInteractor.swift */; };
		D4440F4B22DF4841001D415F /* PicturesViewModelContract.swift in Sources */ = {isa = PBXBuildFile; fileRef = D4440F4A22DF4841001D415F /* PicturesViewModelContract.swift */; };
		D4440F4D22DF497E001D415F /* PicturesViewModel.swift in Sources */ = {isa = PBXBuildFile; fileRef = D4440F4C22DF497E001D415F /* PicturesViewModel.swift */; };
		D47610F522E63B4200B038AE /* ApiEndPoints.plist in Resources */ = {isa = PBXBuildFile; fileRef = D47610F422E63B4200B038AE /* ApiEndPoints.plist */; };
		D47610F822E63C4E00B038AE /* ApiEndPoint.swift in Sources */ = {isa = PBXBuildFile; fileRef = D47610F722E63C4E00B038AE /* ApiEndPoint.swift */; };
		D47610FA22E63D8400B038AE /* URL+PathExtension.swift in Sources */ = {isa = PBXBuildFile; fileRef = D47610F922E63D8400B038AE /* URL+PathExtension.swift */; };
		D47610FC22E63FF200B038AE /* ApiEndPointProviderContract.swift in Sources */ = {isa = PBXBuildFile; fileRef = D47610FB22E63FF200B038AE /* ApiEndPointProviderContract.swift */; };
		D47610FE22E640C900B038AE /* ApiEndPointProvider.swift in Sources */ = {isa = PBXBuildFile; fileRef = D47610FD22E640C900B038AE /* ApiEndPointProvider.swift */; };
		D476110022E647AF00B038AE /* CommonAssembly.swift in Sources */ = {isa = PBXBuildFile; fileRef = D47610FF22E647AF00B038AE /* CommonAssembly.swift */; };
		D476110222E6504E00B038AE /* FetchAuthenticateToken.swift in Sources */ = {isa = PBXBuildFile; fileRef = D476110122E6504E00B038AE /* FetchAuthenticateToken.swift */; };
		D476110422E650EA00B038AE /* ReadPListFileContract.swift in Sources */ = {isa = PBXBuildFile; fileRef = D476110322E650EA00B038AE /* ReadPListFileContract.swift */; };
		D476110622E6515D00B038AE /* ReadPListFile.swift in Sources */ = {isa = PBXBuildFile; fileRef = D476110522E6515D00B038AE /* ReadPListFile.swift */; };
		D476110822E6543900B038AE /* AuthenticationCredentialsEndPoint.swift in Sources */ = {isa = PBXBuildFile; fileRef = D476110722E6543900B038AE /* AuthenticationCredentialsEndPoint.swift */; };
		D48D794022E840F400B9BE70 /* GetConstantTokenContract.swift in Sources */ = {isa = PBXBuildFile; fileRef = D48D793F22E840F400B9BE70 /* GetConstantTokenContract.swift */; };
		D48D794322E8414300B9BE70 /* GetConstantToken.swift in Sources */ = {isa = PBXBuildFile; fileRef = D48D794222E8414300B9BE70 /* GetConstantToken.swift */; };
		D4C40A4D22E33EC700B341C5 /* AuthenticationAssembly.swift in Sources */ = {isa = PBXBuildFile; fileRef = D4C40A4C22E33EC700B341C5 /* AuthenticationAssembly.swift */; };
		D4C40A5522E3522500B341C5 /* ShutterPictureViewController.swift in Sources */ = {isa = PBXBuildFile; fileRef = D4C40A5422E3522500B341C5 /* ShutterPictureViewController.swift */; };
		D4C40A5822E3553E00B341C5 /* ShutterPictureAssembly.swift in Sources */ = {isa = PBXBuildFile; fileRef = D4C40A5722E3553E00B341C5 /* ShutterPictureAssembly.swift */; };
		D4C40A5A22E3559D00B341C5 /* ShutterPictureViewModel.swift in Sources */ = {isa = PBXBuildFile; fileRef = D4C40A5922E3559D00B341C5 /* ShutterPictureViewModel.swift */; };
		D4C40A5C22E355C100B341C5 /* ShutterPictureViewModelContract.swift in Sources */ = {isa = PBXBuildFile; fileRef = D4C40A5B22E355C100B341C5 /* ShutterPictureViewModelContract.swift */; };
		D4C40A6022E357B700B341C5 /* ShutterPictureServiceContract.swift in Sources */ = {isa = PBXBuildFile; fileRef = D4C40A5F22E357B700B341C5 /* ShutterPictureServiceContract.swift */; };
		D4C40A6222E3580E00B341C5 /* ShutterPictureService.swift in Sources */ = {isa = PBXBuildFile; fileRef = D4C40A6122E3580E00B341C5 /* ShutterPictureService.swift */; };
		D4C40A6422E3AF3100B341C5 /* AuthenticationCredentials.plist in Resources */ = {isa = PBXBuildFile; fileRef = D4C40A6322E3AF3100B341C5 /* AuthenticationCredentials.plist */; };
		D4C40A6622E3B0D300B341C5 /* FetchAuthenticateTokenContract.swift in Sources */ = {isa = PBXBuildFile; fileRef = D4C40A6522E3B0D300B341C5 /* FetchAuthenticateTokenContract.swift */; };
		D4E5369122E4FA51004C42F4 /* TestStructures.swift in Sources */ = {isa = PBXBuildFile; fileRef = D4E5369022E4FA51004C42F4 /* TestStructures.swift */; };
		D4E5369522E50111004C42F4 /* SimulatedNteworkTest.swift in Sources */ = {isa = PBXBuildFile; fileRef = D4E5369422E50111004C42F4 /* SimulatedNteworkTest.swift */; };
		D4E5369722E50FAC004C42F4 /* dataset-one.json in Resources */ = {isa = PBXBuildFile; fileRef = D4E5369622E50FAB004C42F4 /* dataset-one.json */; };
		D4ECCC0B22DB5E0900968BDC /* AppDelegate.swift in Sources */ = {isa = PBXBuildFile; fileRef = D4ECCC0A22DB5E0900968BDC /* AppDelegate.swift */; };
		D4ECCC0D22DB5E0900968BDC /* PicturesViewController.swift in Sources */ = {isa = PBXBuildFile; fileRef = D4ECCC0C22DB5E0900968BDC /* PicturesViewController.swift */; };
		D4ECCC1022DB5E0900968BDC /* Main.storyboard in Resources */ = {isa = PBXBuildFile; fileRef = D4ECCC0E22DB5E0900968BDC /* Main.storyboard */; };
		D4ECCC1322DB5E0900968BDC /* UpDay.xcdatamodeld in Sources */ = {isa = PBXBuildFile; fileRef = D4ECCC1122DB5E0900968BDC /* UpDay.xcdatamodeld */; };
		D4ECCC1522DB5E0C00968BDC /* Assets.xcassets in Resources */ = {isa = PBXBuildFile; fileRef = D4ECCC1422DB5E0C00968BDC /* Assets.xcassets */; };
		D4ECCC1822DB5E0C00968BDC /* LaunchScreen.storyboard in Resources */ = {isa = PBXBuildFile; fileRef = D4ECCC1622DB5E0C00968BDC /* LaunchScreen.storyboard */; };
		D4ECCC2322DB5E0C00968BDC /* UpDayTests.swift in Sources */ = {isa = PBXBuildFile; fileRef = D4ECCC2222DB5E0C00968BDC /* UpDayTests.swift */; };
		D4ECCC2E22DB5E0C00968BDC /* UpDayUITests.swift in Sources */ = {isa = PBXBuildFile; fileRef = D4ECCC2D22DB5E0C00968BDC /* UpDayUITests.swift */; };
		D4F3F66E22E6E59A003BB6DA /* AuthenticationTokenApiContract.swift in Sources */ = {isa = PBXBuildFile; fileRef = D4F3F66D22E6E59A003BB6DA /* AuthenticationTokenApiContract.swift */; };
		D4F3F67022E6E617003BB6DA /* AuthenticationTokenApi.swift in Sources */ = {isa = PBXBuildFile; fileRef = D4F3F66F22E6E617003BB6DA /* AuthenticationTokenApi.swift */; };
		D4F3F67222E6EF2D003BB6DA /* AccessToken.swift in Sources */ = {isa = PBXBuildFile; fileRef = D4F3F67122E6EF2D003BB6DA /* AccessToken.swift */; };
		D4F3F67522E6F092003BB6DA /* AuthenticationTokenInteractorContract.swift in Sources */ = {isa = PBXBuildFile; fileRef = D4F3F67422E6F092003BB6DA /* AuthenticationTokenInteractorContract.swift */; };
		D4F3F67722E6F0F3003BB6DA /* AuthenticationTokenInteractor.swift in Sources */ = {isa = PBXBuildFile; fileRef = D4F3F67622E6F0F3003BB6DA /* AuthenticationTokenInteractor.swift */; };
		D4F3F67C22E6F2F1003BB6DA /* KeyChainAccessAssembly.swift in Sources */ = {isa = PBXBuildFile; fileRef = D4F3F67B22E6F2F1003BB6DA /* KeyChainAccessAssembly.swift */; };
		D4F3F67E22E6F37E003BB6DA /* KeyChainAccessContract.swift in Sources */ = {isa = PBXBuildFile; fileRef = D4F3F67D22E6F37E003BB6DA /* KeyChainAccessContract.swift */; };
		D4F3F68022E6F4C3003BB6DA /* KeyChainAccess.swift in Sources */ = {isa = PBXBuildFile; fileRef = D4F3F67F22E6F4C3003BB6DA /* KeyChainAccess.swift */; };
		D4F3F68222E70F10003BB6DA /* FetchPicturesInteractorContract.swift in Sources */ = {isa = PBXBuildFile; fileRef = D4F3F68122E70F10003BB6DA /* FetchPicturesInteractorContract.swift */; };
		D4F3F68422E70F5E003BB6DA /* FetchPicturesInteractor.swift in Sources */ = {isa = PBXBuildFile; fileRef = D4F3F68322E70F5E003BB6DA /* FetchPicturesInteractor.swift */; };
/* End PBXBuildFile section */

/* Begin PBXContainerItemProxy section */
		D4ECCC1F22DB5E0C00968BDC /* PBXContainerItemProxy */ = {
			isa = PBXContainerItemProxy;
			containerPortal = D4ECCBFF22DB5E0900968BDC /* Project object */;
			proxyType = 1;
			remoteGlobalIDString = D4ECCC0622DB5E0900968BDC;
			remoteInfo = UpDay;
		};
		D4ECCC2A22DB5E0C00968BDC /* PBXContainerItemProxy */ = {
			isa = PBXContainerItemProxy;
			containerPortal = D4ECCBFF22DB5E0900968BDC /* Project object */;
			proxyType = 1;
			remoteGlobalIDString = D4ECCC0622DB5E0900968BDC;
			remoteInfo = UpDay;
		};
/* End PBXContainerItemProxy section */

/* Begin PBXFileReference section */
		302F5235654C17B974588B25 /* Pods-UpDayTests.debug.xcconfig */ = {isa = PBXFileReference; includeInIndex = 1; lastKnownFileType = text.xcconfig; name = "Pods-UpDayTests.debug.xcconfig"; path = "Target Support Files/Pods-UpDayTests/Pods-UpDayTests.debug.xcconfig"; sourceTree = "<group>"; };
		31A033645976CA73551875C1 /* Pods_UpDay.framework */ = {isa = PBXFileReference; explicitFileType = wrapper.framework; includeInIndex = 0; path = Pods_UpDay.framework; sourceTree = BUILT_PRODUCTS_DIR; };
		416EE47D122BF52840157EF9 /* Pods-UpDayTests.release.xcconfig */ = {isa = PBXFileReference; includeInIndex = 1; lastKnownFileType = text.xcconfig; name = "Pods-UpDayTests.release.xcconfig"; path = "Target Support Files/Pods-UpDayTests/Pods-UpDayTests.release.xcconfig"; sourceTree = "<group>"; };
		50B108555AD692747FE5B9B2 /* Pods-UpDay.release.xcconfig */ = {isa = PBXFileReference; includeInIndex = 1; lastKnownFileType = text.xcconfig; name = "Pods-UpDay.release.xcconfig"; path = "Target Support Files/Pods-UpDay/Pods-UpDay.release.xcconfig"; sourceTree = "<group>"; };
		822787A38594B7EEB63ACF51 /* Pods-UpDay.debug.xcconfig */ = {isa = PBXFileReference; includeInIndex = 1; lastKnownFileType = text.xcconfig; name = "Pods-UpDay.debug.xcconfig"; path = "Target Support Files/Pods-UpDay/Pods-UpDay.debug.xcconfig"; sourceTree = "<group>"; };
		D400FFF822E0A3850028F51F /* FetchImageContract.swift */ = {isa = PBXFileReference; lastKnownFileType = sourcecode.swift; path = FetchImageContract.swift; sourceTree = "<group>"; };
		D400FFFA22E0A4C50028F51F /* FetchImage.swift */ = {isa = PBXFileReference; lastKnownFileType = sourcecode.swift; path = FetchImage.swift; sourceTree = "<group>"; };
		D41A206222DB971400058CD7 /* ApplicationAssembly.swift */ = {isa = PBXFileReference; lastKnownFileType = sourcecode.swift; path = ApplicationAssembly.swift; sourceTree = "<group>"; };
		D41A206C22DB9F2700058CD7 /* PicturesCollectionAssembly.swift */ = {isa = PBXFileReference; lastKnownFileType = sourcecode.swift; path = PicturesCollectionAssembly.swift; sourceTree = "<group>"; };
		D41A207022DBA22900058CD7 /* NetworkAssembly.swift */ = {isa = PBXFileReference; lastKnownFileType = sourcecode.swift; path = NetworkAssembly.swift; sourceTree = "<group>"; };
		D41A207422DBA2E800058CD7 /* ApiServiceContract.swift */ = {isa = PBXFileReference; lastKnownFileType = sourcecode.swift; path = ApiServiceContract.swift; sourceTree = "<group>"; };
		D41A207622DBA52300058CD7 /* ApiService.swift */ = {isa = PBXFileReference; lastKnownFileType = sourcecode.swift; path = ApiService.swift; sourceTree = "<group>"; };
		D41A207822DBC05C00058CD7 /* ApiContract.swift */ = {isa = PBXFileReference; lastKnownFileType = sourcecode.swift; path = ApiContract.swift; sourceTree = "<group>"; };
		D41A207A22DBC25C00058CD7 /* FetchPicturesApi.swift */ = {isa = PBXFileReference; lastKnownFileType = sourcecode.swift; path = FetchPicturesApi.swift; sourceTree = "<group>"; };
		D41A207C22DBC2A700058CD7 /* FetchPicturesApiContract.swift */ = {isa = PBXFileReference; lastKnownFileType = sourcecode.swift; path = FetchPicturesApiContract.swift; sourceTree = "<group>"; };
		D41A207E22DBC79F00058CD7 /* FetchPicturesServiceContract.swift */ = {isa = PBXFileReference; lastKnownFileType = sourcecode.swift; path = FetchPicturesServiceContract.swift; sourceTree = "<group>"; };
		D41A208022DBC91A00058CD7 /* PicturesList.swift */ = {isa = PBXFileReference; lastKnownFileType = sourcecode.swift; path = PicturesList.swift; sourceTree = "<group>"; };
		D41A208222DBCE4300058CD7 /* FetchPicturesService.swift */ = {isa = PBXFileReference; lastKnownFileType = sourcecode.swift; path = FetchPicturesService.swift; sourceTree = "<group>"; };
		D41A208422DBD0D400058CD7 /* JSONDecoderContract.swift */ = {isa = PBXFileReference; lastKnownFileType = sourcecode.swift; path = JSONDecoderContract.swift; sourceTree = "<group>"; };
		D41A208622DBD11400058CD7 /* JsonDecoder.swift */ = {isa = PBXFileReference; lastKnownFileType = sourcecode.swift; path = JsonDecoder.swift; sourceTree = "<group>"; };
		D41EB42222DF79E600657D88 /* PicturesCollectionViewCell.swift */ = {isa = PBXFileReference; lastKnownFileType = sourcecode.swift; path = PicturesCollectionViewCell.swift; sourceTree = "<group>"; };
		D432F14122E0FD1500FA1FDE /* ImageCacheContract.swift */ = {isa = PBXFileReference; lastKnownFileType = sourcecode.swift; path = ImageCacheContract.swift; sourceTree = "<group>"; };
		D432F14322E0FDE600FA1FDE /* ImageCache.swift */ = {isa = PBXFileReference; lastKnownFileType = sourcecode.swift; path = ImageCache.swift; sourceTree = "<group>"; };
		D432F14922E1025900FA1FDE /* ImageCacheAssembly.swift */ = {isa = PBXFileReference; lastKnownFileType = sourcecode.swift; path = ImageCacheAssembly.swift; sourceTree = "<group>"; };
		D432F14C22E1086600FA1FDE /* FetchImageInteractorContract.swift */ = {isa = PBXFileReference; lastKnownFileType = sourcecode.swift; path = FetchImageInteractorContract.swift; sourceTree = "<group>"; };
		D432F14E22E108EB00FA1FDE /* FetchImageInteractor.swift */ = {isa = PBXFileReference; lastKnownFileType = sourcecode.swift; path = FetchImageInteractor.swift; sourceTree = "<group>"; };
		D4440F4A22DF4841001D415F /* PicturesViewModelContract.swift */ = {isa = PBXFileReference; lastKnownFileType = sourcecode.swift; path = PicturesViewModelContract.swift; sourceTree = "<group>"; };
		D4440F4C22DF497E001D415F /* PicturesViewModel.swift */ = {isa = PBXFileReference; lastKnownFileType = sourcecode.swift; path = PicturesViewModel.swift; sourceTree = "<group>"; };
		D47610F422E63B4200B038AE /* ApiEndPoints.plist */ = {isa = PBXFileReference; lastKnownFileType = text.plist.xml; path = ApiEndPoints.plist; sourceTree = "<group>"; };
		D47610F722E63C4E00B038AE /* ApiEndPoint.swift */ = {isa = PBXFileReference; lastKnownFileType = sourcecode.swift; path = ApiEndPoint.swift; sourceTree = "<group>"; };
		D47610F922E63D8400B038AE /* URL+PathExtension.swift */ = {isa = PBXFileReference; lastKnownFileType = sourcecode.swift; path = "URL+PathExtension.swift"; sourceTree = "<group>"; };
		D47610FB22E63FF200B038AE /* ApiEndPointProviderContract.swift */ = {isa = PBXFileReference; lastKnownFileType = sourcecode.swift; path = ApiEndPointProviderContract.swift; sourceTree = "<group>"; };
		D47610FD22E640C900B038AE /* ApiEndPointProvider.swift */ = {isa = PBXFileReference; lastKnownFileType = sourcecode.swift; path = ApiEndPointProvider.swift; sourceTree = "<group>"; };
		D47610FF22E647AF00B038AE /* CommonAssembly.swift */ = {isa = PBXFileReference; lastKnownFileType = sourcecode.swift; path = CommonAssembly.swift; sourceTree = "<group>"; };
		D476110122E6504E00B038AE /* FetchAuthenticateToken.swift */ = {isa = PBXFileReference; lastKnownFileType = sourcecode.swift; path = FetchAuthenticateToken.swift; sourceTree = "<group>"; };
		D476110322E650EA00B038AE /* ReadPListFileContract.swift */ = {isa = PBXFileReference; lastKnownFileType = sourcecode.swift; path = ReadPListFileContract.swift; sourceTree = "<group>"; };
		D476110522E6515D00B038AE /* ReadPListFile.swift */ = {isa = PBXFileReference; lastKnownFileType = sourcecode.swift; path = ReadPListFile.swift; sourceTree = "<group>"; };
		D476110722E6543900B038AE /* AuthenticationCredentialsEndPoint.swift */ = {isa = PBXFileReference; lastKnownFileType = sourcecode.swift; path = AuthenticationCredentialsEndPoint.swift; sourceTree = "<group>"; };
		D48D793F22E840F400B9BE70 /* GetConstantTokenContract.swift */ = {isa = PBXFileReference; lastKnownFileType = sourcecode.swift; path = GetConstantTokenContract.swift; sourceTree = "<group>"; };
		D48D794222E8414300B9BE70 /* GetConstantToken.swift */ = {isa = PBXFileReference; lastKnownFileType = sourcecode.swift; path = GetConstantToken.swift; sourceTree = "<group>"; };
		D4C40A4C22E33EC700B341C5 /* AuthenticationAssembly.swift */ = {isa = PBXFileReference; lastKnownFileType = sourcecode.swift; path = AuthenticationAssembly.swift; sourceTree = "<group>"; };
		D4C40A5422E3522500B341C5 /* ShutterPictureViewController.swift */ = {isa = PBXFileReference; lastKnownFileType = sourcecode.swift; path = ShutterPictureViewController.swift; sourceTree = "<group>"; };
		D4C40A5722E3553E00B341C5 /* ShutterPictureAssembly.swift */ = {isa = PBXFileReference; lastKnownFileType = sourcecode.swift; path = ShutterPictureAssembly.swift; sourceTree = "<group>"; };
		D4C40A5922E3559D00B341C5 /* ShutterPictureViewModel.swift */ = {isa = PBXFileReference; lastKnownFileType = sourcecode.swift; path = ShutterPictureViewModel.swift; sourceTree = "<group>"; };
		D4C40A5B22E355C100B341C5 /* ShutterPictureViewModelContract.swift */ = {isa = PBXFileReference; lastKnownFileType = sourcecode.swift; path = ShutterPictureViewModelContract.swift; sourceTree = "<group>"; };
		D4C40A5F22E357B700B341C5 /* ShutterPictureServiceContract.swift */ = {isa = PBXFileReference; lastKnownFileType = sourcecode.swift; path = ShutterPictureServiceContract.swift; sourceTree = "<group>"; };
		D4C40A6122E3580E00B341C5 /* ShutterPictureService.swift */ = {isa = PBXFileReference; lastKnownFileType = sourcecode.swift; path = ShutterPictureService.swift; sourceTree = "<group>"; };
		D4C40A6322E3AF3100B341C5 /* AuthenticationCredentials.plist */ = {isa = PBXFileReference; lastKnownFileType = text.plist.xml; path = AuthenticationCredentials.plist; sourceTree = "<group>"; };
		D4C40A6522E3B0D300B341C5 /* FetchAuthenticateTokenContract.swift */ = {isa = PBXFileReference; lastKnownFileType = sourcecode.swift; path = FetchAuthenticateTokenContract.swift; sourceTree = "<group>"; };
		D4E5369022E4FA51004C42F4 /* TestStructures.swift */ = {isa = PBXFileReference; lastKnownFileType = sourcecode.swift; path = TestStructures.swift; sourceTree = "<group>"; };
		D4E5369222E4FF6E004C42F4 /* dataset_page1.json */ = {isa = PBXFileReference; lastKnownFileType = text.json; path = dataset_page1.json; sourceTree = "<group>"; };
		D4E5369422E50111004C42F4 /* SimulatedNteworkTest.swift */ = {isa = PBXFileReference; lastKnownFileType = sourcecode.swift; path = SimulatedNteworkTest.swift; sourceTree = "<group>"; };
		D4E5369622E50FAB004C42F4 /* dataset-one.json */ = {isa = PBXFileReference; fileEncoding = 4; lastKnownFileType = text.json; path = "dataset-one.json"; sourceTree = "<group>"; };
		D4ECCC0722DB5E0900968BDC /* UpDay.app */ = {isa = PBXFileReference; explicitFileType = wrapper.application; includeInIndex = 0; path = UpDay.app; sourceTree = BUILT_PRODUCTS_DIR; };
		D4ECCC0A22DB5E0900968BDC /* AppDelegate.swift */ = {isa = PBXFileReference; lastKnownFileType = sourcecode.swift; path = AppDelegate.swift; sourceTree = "<group>"; };
		D4ECCC0C22DB5E0900968BDC /* PicturesViewController.swift */ = {isa = PBXFileReference; lastKnownFileType = sourcecode.swift; path = PicturesViewController.swift; sourceTree = "<group>"; };
		D4ECCC0F22DB5E0900968BDC /* Base */ = {isa = PBXFileReference; lastKnownFileType = file.storyboard; name = Base; path = Base.lproj/Main.storyboard; sourceTree = "<group>"; };
		D4ECCC1222DB5E0900968BDC /* UpDay.xcdatamodel */ = {isa = PBXFileReference; lastKnownFileType = wrapper.xcdatamodel; path = UpDay.xcdatamodel; sourceTree = "<group>"; };
		D4ECCC1422DB5E0C00968BDC /* Assets.xcassets */ = {isa = PBXFileReference; lastKnownFileType = folder.assetcatalog; path = Assets.xcassets; sourceTree = "<group>"; };
		D4ECCC1722DB5E0C00968BDC /* Base */ = {isa = PBXFileReference; lastKnownFileType = file.storyboard; name = Base; path = Base.lproj/LaunchScreen.storyboard; sourceTree = "<group>"; };
		D4ECCC1922DB5E0C00968BDC /* Info.plist */ = {isa = PBXFileReference; lastKnownFileType = text.plist.xml; path = Info.plist; sourceTree = "<group>"; };
		D4ECCC1E22DB5E0C00968BDC /* UpDayTests.xctest */ = {isa = PBXFileReference; explicitFileType = wrapper.cfbundle; includeInIndex = 0; path = UpDayTests.xctest; sourceTree = BUILT_PRODUCTS_DIR; };
		D4ECCC2222DB5E0C00968BDC /* UpDayTests.swift */ = {isa = PBXFileReference; lastKnownFileType = sourcecode.swift; path = UpDayTests.swift; sourceTree = "<group>"; };
		D4ECCC2422DB5E0C00968BDC /* Info.plist */ = {isa = PBXFileReference; lastKnownFileType = text.plist.xml; path = Info.plist; sourceTree = "<group>"; };
		D4ECCC2922DB5E0C00968BDC /* UpDayUITests.xctest */ = {isa = PBXFileReference; explicitFileType = wrapper.cfbundle; includeInIndex = 0; path = UpDayUITests.xctest; sourceTree = BUILT_PRODUCTS_DIR; };
		D4ECCC2D22DB5E0C00968BDC /* UpDayUITests.swift */ = {isa = PBXFileReference; lastKnownFileType = sourcecode.swift; path = UpDayUITests.swift; sourceTree = "<group>"; };
		D4ECCC2F22DB5E0C00968BDC /* Info.plist */ = {isa = PBXFileReference; lastKnownFileType = text.plist.xml; path = Info.plist; sourceTree = "<group>"; };
		D4F3F66D22E6E59A003BB6DA /* AuthenticationTokenApiContract.swift */ = {isa = PBXFileReference; lastKnownFileType = sourcecode.swift; path = AuthenticationTokenApiContract.swift; sourceTree = "<group>"; };
		D4F3F66F22E6E617003BB6DA /* AuthenticationTokenApi.swift */ = {isa = PBXFileReference; lastKnownFileType = sourcecode.swift; path = AuthenticationTokenApi.swift; sourceTree = "<group>"; };
		D4F3F67122E6EF2D003BB6DA /* AccessToken.swift */ = {isa = PBXFileReference; lastKnownFileType = sourcecode.swift; path = AccessToken.swift; sourceTree = "<group>"; };
		D4F3F67422E6F092003BB6DA /* AuthenticationTokenInteractorContract.swift */ = {isa = PBXFileReference; lastKnownFileType = sourcecode.swift; path = AuthenticationTokenInteractorContract.swift; sourceTree = "<group>"; };
		D4F3F67622E6F0F3003BB6DA /* AuthenticationTokenInteractor.swift */ = {isa = PBXFileReference; lastKnownFileType = sourcecode.swift; path = AuthenticationTokenInteractor.swift; sourceTree = "<group>"; };
		D4F3F67B22E6F2F1003BB6DA /* KeyChainAccessAssembly.swift */ = {isa = PBXFileReference; lastKnownFileType = sourcecode.swift; path = KeyChainAccessAssembly.swift; sourceTree = "<group>"; };
		D4F3F67D22E6F37E003BB6DA /* KeyChainAccessContract.swift */ = {isa = PBXFileReference; lastKnownFileType = sourcecode.swift; path = KeyChainAccessContract.swift; sourceTree = "<group>"; };
		D4F3F67F22E6F4C3003BB6DA /* KeyChainAccess.swift */ = {isa = PBXFileReference; lastKnownFileType = sourcecode.swift; path = KeyChainAccess.swift; sourceTree = "<group>"; };
		D4F3F68122E70F10003BB6DA /* FetchPicturesInteractorContract.swift */ = {isa = PBXFileReference; lastKnownFileType = sourcecode.swift; path = FetchPicturesInteractorContract.swift; sourceTree = "<group>"; };
		D4F3F68322E70F5E003BB6DA /* FetchPicturesInteractor.swift */ = {isa = PBXFileReference; lastKnownFileType = sourcecode.swift; path = FetchPicturesInteractor.swift; sourceTree = "<group>"; };
		D5AF0B95B4BFBF5D67B50E1E /* Pods_UpDayTests.framework */ = {isa = PBXFileReference; explicitFileType = wrapper.framework; includeInIndex = 0; path = Pods_UpDayTests.framework; sourceTree = BUILT_PRODUCTS_DIR; };
/* End PBXFileReference section */

/* Begin PBXFrameworksBuildPhase section */
		D4ECCC0422DB5E0900968BDC /* Frameworks */ = {
			isa = PBXFrameworksBuildPhase;
			buildActionMask = 2147483647;
			files = (
				A133EF289674555BFA63E072 /* Pods_UpDay.framework in Frameworks */,
			);
			runOnlyForDeploymentPostprocessing = 0;
		};
		D4ECCC1B22DB5E0C00968BDC /* Frameworks */ = {
			isa = PBXFrameworksBuildPhase;
			buildActionMask = 2147483647;
			files = (
				0DF49396266F236A12042BFA /* Pods_UpDayTests.framework in Frameworks */,
			);
			runOnlyForDeploymentPostprocessing = 0;
		};
		D4ECCC2622DB5E0C00968BDC /* Frameworks */ = {
			isa = PBXFrameworksBuildPhase;
			buildActionMask = 2147483647;
			files = (
			);
			runOnlyForDeploymentPostprocessing = 0;
		};
/* End PBXFrameworksBuildPhase section */

/* Begin PBXGroup section */
		B00DEC9323F52CD81E9DE428 /* Frameworks */ = {
			isa = PBXGroup;
			children = (
				31A033645976CA73551875C1 /* Pods_UpDay.framework */,
				D5AF0B95B4BFBF5D67B50E1E /* Pods_UpDayTests.framework */,
			);
			name = Frameworks;
			sourceTree = "<group>";
		};
		D41A206022DB96D900058CD7 /* AppDelegate */ = {
			isa = PBXGroup;
			children = (
				D41A206122DB96F400058CD7 /* DI */,
				D4ECCC0A22DB5E0900968BDC /* AppDelegate.swift */,
			);
			path = AppDelegate;
			sourceTree = "<group>";
		};
		D41A206122DB96F400058CD7 /* DI */ = {
			isa = PBXGroup;
			children = (
				D41A206222DB971400058CD7 /* ApplicationAssembly.swift */,
			);
			path = DI;
			sourceTree = "<group>";
		};
		D41A206422DB98CD00058CD7 /* Features */ = {
			isa = PBXGroup;
			children = (
				D4F3F67822E6F29A003BB6DA /* KeyChainAccess */,
				D4C40A4A22E33E9300B341C5 /* Authentication */,
				D47610F122E63ABC00B038AE /* Common */,
				D432F14522E101FC00FA1FDE /* ImageCache */,
				D41A206E22DBA20000058CD7 /* Network */,
				D41A206522DB98F400058CD7 /* PicturesCollection */,
				D4C40A5022E3519100B341C5 /* ShutterPicture */,
			);
			path = Features;
			sourceTree = "<group>";
		};
		D41A206522DB98F400058CD7 /* PicturesCollection */ = {
			isa = PBXGroup;
			children = (
				D41A206B22DB9DF100058CD7 /* DI */,
				D41A206722DB9A2200058CD7 /* Presentation */,
				D41A206622DB9A1900058CD7 /* Model */,
			);
			path = PicturesCollection;
			sourceTree = "<group>";
		};
		D41A206622DB9A1900058CD7 /* Model */ = {
			isa = PBXGroup;
			children = (
				D432F14B22E107CD00FA1FDE /* Interactor */,
				D41A206A22DB9A4D00058CD7 /* Services */,
				D41A208022DBC91A00058CD7 /* PicturesList.swift */,
			);
			path = Model;
			sourceTree = "<group>";
		};
		D41A206722DB9A2200058CD7 /* Presentation */ = {
			isa = PBXGroup;
			children = (
				D41A206922DB9A3800058CD7 /* ViewModel */,
				D41A206822DB9A3000058CD7 /* View */,
			);
			path = Presentation;
			sourceTree = "<group>";
		};
		D41A206822DB9A3000058CD7 /* View */ = {
			isa = PBXGroup;
			children = (
				D4ECCC0C22DB5E0900968BDC /* PicturesViewController.swift */,
				D41EB42222DF79E600657D88 /* PicturesCollectionViewCell.swift */,
				D4ECCC0E22DB5E0900968BDC /* Main.storyboard */,
			);
			path = View;
			sourceTree = "<group>";
		};
		D41A206922DB9A3800058CD7 /* ViewModel */ = {
			isa = PBXGroup;
			children = (
				D4440F4A22DF4841001D415F /* PicturesViewModelContract.swift */,
				D4440F4C22DF497E001D415F /* PicturesViewModel.swift */,
			);
			path = ViewModel;
			sourceTree = "<group>";
		};
		D41A206A22DB9A4D00058CD7 /* Services */ = {
			isa = PBXGroup;
			children = (
				D41A207A22DBC25C00058CD7 /* FetchPicturesApi.swift */,
				D41A207C22DBC2A700058CD7 /* FetchPicturesApiContract.swift */,
				D41A207E22DBC79F00058CD7 /* FetchPicturesServiceContract.swift */,
				D41A208222DBCE4300058CD7 /* FetchPicturesService.swift */,
				D400FFF822E0A3850028F51F /* FetchImageContract.swift */,
				D400FFFA22E0A4C50028F51F /* FetchImage.swift */,
			);
			path = Services;
			sourceTree = "<group>";
		};
		D41A206B22DB9DF100058CD7 /* DI */ = {
			isa = PBXGroup;
			children = (
				D41A206C22DB9F2700058CD7 /* PicturesCollectionAssembly.swift */,
			);
			path = DI;
			sourceTree = "<group>";
		};
		D41A206E22DBA20000058CD7 /* Network */ = {
			isa = PBXGroup;
			children = (
				D41A206F22DBA21400058CD7 /* DI */,
				D41A207222DBA27F00058CD7 /* Model */,
			);
			path = Network;
			sourceTree = "<group>";
		};
		D41A206F22DBA21400058CD7 /* DI */ = {
			isa = PBXGroup;
			children = (
				D41A207022DBA22900058CD7 /* NetworkAssembly.swift */,
			);
			path = DI;
			sourceTree = "<group>";
		};
		D41A207222DBA27F00058CD7 /* Model */ = {
			isa = PBXGroup;
			children = (
				D41A207322DBA28600058CD7 /* Services */,
			);
			path = Model;
			sourceTree = "<group>";
		};
		D41A207322DBA28600058CD7 /* Services */ = {
			isa = PBXGroup;
			children = (
				D41A207422DBA2E800058CD7 /* ApiServiceContract.swift */,
				D41A207622DBA52300058CD7 /* ApiService.swift */,
				D41A207822DBC05C00058CD7 /* ApiContract.swift */,
				D41A208422DBD0D400058CD7 /* JSONDecoderContract.swift */,
				D41A208622DBD11400058CD7 /* JsonDecoder.swift */,
				D47610F922E63D8400B038AE /* URL+PathExtension.swift */,
			);
			path = Services;
			sourceTree = "<group>";
		};
		D432F14522E101FC00FA1FDE /* ImageCache */ = {
			isa = PBXGroup;
			children = (
				D432F14622E1021A00FA1FDE /* DI */,
				D432F14722E1022100FA1FDE /* Model */,
			);
			path = ImageCache;
			sourceTree = "<group>";
		};
		D432F14622E1021A00FA1FDE /* DI */ = {
			isa = PBXGroup;
			children = (
				D432F14922E1025900FA1FDE /* ImageCacheAssembly.swift */,
			);
			path = DI;
			sourceTree = "<group>";
		};
		D432F14722E1022100FA1FDE /* Model */ = {
			isa = PBXGroup;
			children = (
				D432F14822E1023400FA1FDE /* Services */,
			);
			path = Model;
			sourceTree = "<group>";
		};
		D432F14822E1023400FA1FDE /* Services */ = {
			isa = PBXGroup;
			children = (
				D432F14122E0FD1500FA1FDE /* ImageCacheContract.swift */,
				D432F14322E0FDE600FA1FDE /* ImageCache.swift */,
			);
			path = Services;
			sourceTree = "<group>";
		};
		D432F14B22E107CD00FA1FDE /* Interactor */ = {
			isa = PBXGroup;
			children = (
				D432F14C22E1086600FA1FDE /* FetchImageInteractorContract.swift */,
				D432F14E22E108EB00FA1FDE /* FetchImageInteractor.swift */,
				D4F3F68122E70F10003BB6DA /* FetchPicturesInteractorContract.swift */,
				D4F3F68322E70F5E003BB6DA /* FetchPicturesInteractor.swift */,
			);
			path = Interactor;
			sourceTree = "<group>";
		};
		D47610F122E63ABC00B038AE /* Common */ = {
			isa = PBXGroup;
			children = (
				D47610F222E63AC500B038AE /* DI */,
				D47610F322E63AE300B038AE /* Model */,
			);
			path = Common;
			sourceTree = "<group>";
		};
		D47610F222E63AC500B038AE /* DI */ = {
			isa = PBXGroup;
			children = (
				D47610FF22E647AF00B038AE /* CommonAssembly.swift */,
			);
			path = DI;
			sourceTree = "<group>";
		};
		D47610F322E63AE300B038AE /* Model */ = {
			isa = PBXGroup;
			children = (
				D47610F622E63C3400B038AE /* Services */,
				D47610F422E63B4200B038AE /* ApiEndPoints.plist */,
			);
			path = Model;
			sourceTree = "<group>";
		};
		D47610F622E63C3400B038AE /* Services */ = {
			isa = PBXGroup;
			children = (
				D47610F722E63C4E00B038AE /* ApiEndPoint.swift */,
				D47610FB22E63FF200B038AE /* ApiEndPointProviderContract.swift */,
				D47610FD22E640C900B038AE /* ApiEndPointProvider.swift */,
				D476110322E650EA00B038AE /* ReadPListFileContract.swift */,
				D476110522E6515D00B038AE /* ReadPListFile.swift */,
			);
			path = Services;
			sourceTree = "<group>";
		};
		D4C40A4A22E33E9300B341C5 /* Authentication */ = {
			isa = PBXGroup;
			children = (
				D4C40A4B22E33EB700B341C5 /* DI */,
				D4C40A4E22E3439400B341C5 /* Model */,
			);
			path = Authentication;
			sourceTree = "<group>";
		};
		D4C40A4B22E33EB700B341C5 /* DI */ = {
			isa = PBXGroup;
			children = (
				D4C40A4C22E33EC700B341C5 /* AuthenticationAssembly.swift */,
			);
			path = DI;
			sourceTree = "<group>";
		};
		D4C40A4E22E3439400B341C5 /* Model */ = {
			isa = PBXGroup;
			children = (
				D4F3F67322E6F055003BB6DA /* Interactor */,
				D4C40A6322E3AF3100B341C5 /* AuthenticationCredentials.plist */,
				D4C40A4F22E343AF00B341C5 /* Services */,
				D4F3F67122E6EF2D003BB6DA /* AccessToken.swift */,
			);
			path = Model;
			sourceTree = "<group>";
		};
		D4C40A4F22E343AF00B341C5 /* Services */ = {
			isa = PBXGroup;
			children = (
				D4C40A6522E3B0D300B341C5 /* FetchAuthenticateTokenContract.swift */,
				D476110122E6504E00B038AE /* FetchAuthenticateToken.swift */,
				D476110722E6543900B038AE /* AuthenticationCredentialsEndPoint.swift */,
				D4F3F66D22E6E59A003BB6DA /* AuthenticationTokenApiContract.swift */,
				D4F3F66F22E6E617003BB6DA /* AuthenticationTokenApi.swift */,
				D48D793F22E840F400B9BE70 /* GetConstantTokenContract.swift */,
				D48D794222E8414300B9BE70 /* GetConstantToken.swift */,
			);
			path = Services;
			sourceTree = "<group>";
		};
		D4C40A5022E3519100B341C5 /* ShutterPicture */ = {
			isa = PBXGroup;
			children = (
				D4C40A5622E3552500B341C5 /* DI */,
				D4C40A5122E351DC00B341C5 /* Presentaion */,
				D4C40A5D22E3573E00B341C5 /* Model */,
			);
			path = ShutterPicture;
			sourceTree = "<group>";
		};
		D4C40A5122E351DC00B341C5 /* Presentaion */ = {
			isa = PBXGroup;
			children = (
				D4C40A5322E351FC00B341C5 /* ViewModel */,
				D4C40A5222E351F200B341C5 /* View */,
			);
			path = Presentaion;
			sourceTree = "<group>";
		};
		D4C40A5222E351F200B341C5 /* View */ = {
			isa = PBXGroup;
			children = (
				D4C40A5422E3522500B341C5 /* ShutterPictureViewController.swift */,
			);
			path = View;
			sourceTree = "<group>";
		};
		D4C40A5322E351FC00B341C5 /* ViewModel */ = {
			isa = PBXGroup;
			children = (
				D4C40A5922E3559D00B341C5 /* ShutterPictureViewModel.swift */,
				D4C40A5B22E355C100B341C5 /* ShutterPictureViewModelContract.swift */,
			);
			path = ViewModel;
			sourceTree = "<group>";
		};
		D4C40A5622E3552500B341C5 /* DI */ = {
			isa = PBXGroup;
			children = (
				D4C40A5722E3553E00B341C5 /* ShutterPictureAssembly.swift */,
			);
			path = DI;
			sourceTree = "<group>";
		};
		D4C40A5D22E3573E00B341C5 /* Model */ = {
			isa = PBXGroup;
			children = (
				D4C40A5E22E3574E00B341C5 /* Services */,
			);
			path = Model;
			sourceTree = "<group>";
		};
		D4C40A5E22E3574E00B341C5 /* Services */ = {
			isa = PBXGroup;
			children = (
				D4C40A5F22E357B700B341C5 /* ShutterPictureServiceContract.swift */,
				D4C40A6122E3580E00B341C5 /* ShutterPictureService.swift */,
			);
			path = Services;
			sourceTree = "<group>";
		};
		D4E5369322E4FF73004C42F4 /* Test Data */ = {
			isa = PBXGroup;
			children = (
				D4E5369622E50FAB004C42F4 /* dataset-one.json */,
				D4E5369222E4FF6E004C42F4 /* dataset_page1.json */,
			);
			path = "Test Data";
			sourceTree = "<group>";
		};
		D4ECCBFE22DB5E0900968BDC = {
			isa = PBXGroup;
			children = (
				D4ECCC0922DB5E0900968BDC /* UpDay */,
				D4ECCC2122DB5E0C00968BDC /* UpDayTests */,
				D4ECCC2C22DB5E0C00968BDC /* UpDayUITests */,
				D4ECCC0822DB5E0900968BDC /* Products */,
				F947DDDD8E386A03BBBD8A81 /* Pods */,
				B00DEC9323F52CD81E9DE428 /* Frameworks */,
			);
			sourceTree = "<group>";
		};
		D4ECCC0822DB5E0900968BDC /* Products */ = {
			isa = PBXGroup;
			children = (
				D4ECCC0722DB5E0900968BDC /* UpDay.app */,
				D4ECCC1E22DB5E0C00968BDC /* UpDayTests.xctest */,
				D4ECCC2922DB5E0C00968BDC /* UpDayUITests.xctest */,
			);
			name = Products;
			sourceTree = "<group>";
		};
		D4ECCC0922DB5E0900968BDC /* UpDay */ = {
			isa = PBXGroup;
			children = (
				D41A206022DB96D900058CD7 /* AppDelegate */,
				D41A206422DB98CD00058CD7 /* Features */,
				D4ECCC1422DB5E0C00968BDC /* Assets.xcassets */,
				D4ECCC1622DB5E0C00968BDC /* LaunchScreen.storyboard */,
				D4ECCC1922DB5E0C00968BDC /* Info.plist */,
				D4ECCC1122DB5E0900968BDC /* UpDay.xcdatamodeld */,
			);
			path = UpDay;
			sourceTree = "<group>";
		};
		D4ECCC2122DB5E0C00968BDC /* UpDayTests */ = {
			isa = PBXGroup;
			children = (
				D4E5369322E4FF73004C42F4 /* Test Data */,
				D4ECCC2222DB5E0C00968BDC /* UpDayTests.swift */,
				D4ECCC2422DB5E0C00968BDC /* Info.plist */,
				D4E5369022E4FA51004C42F4 /* TestStructures.swift */,
				D4E5369422E50111004C42F4 /* SimulatedNteworkTest.swift */,
			);
			path = UpDayTests;
			sourceTree = "<group>";
		};
		D4ECCC2C22DB5E0C00968BDC /* UpDayUITests */ = {
			isa = PBXGroup;
			children = (
				D4ECCC2D22DB5E0C00968BDC /* UpDayUITests.swift */,
				D4ECCC2F22DB5E0C00968BDC /* Info.plist */,
			);
			path = UpDayUITests;
			sourceTree = "<group>";
		};
		D4F3F67322E6F055003BB6DA /* Interactor */ = {
			isa = PBXGroup;
			children = (
				D4F3F67422E6F092003BB6DA /* AuthenticationTokenInteractorContract.swift */,
				D4F3F67622E6F0F3003BB6DA /* AuthenticationTokenInteractor.swift */,
			);
			path = Interactor;
			sourceTree = "<group>";
		};
		D4F3F67822E6F29A003BB6DA /* KeyChainAccess */ = {
			isa = PBXGroup;
			children = (
				D4F3F67922E6F2A8003BB6DA /* DI */,
				D4F3F67A22E6F2B3003BB6DA /* Model */,
			);
			path = KeyChainAccess;
			sourceTree = "<group>";
		};
		D4F3F67922E6F2A8003BB6DA /* DI */ = {
			isa = PBXGroup;
			children = (
				D4F3F67B22E6F2F1003BB6DA /* KeyChainAccessAssembly.swift */,
			);
			path = DI;
			sourceTree = "<group>";
		};
		D4F3F67A22E6F2B3003BB6DA /* Model */ = {
			isa = PBXGroup;
			children = (
				D4F3F67D22E6F37E003BB6DA /* KeyChainAccessContract.swift */,
				D4F3F67F22E6F4C3003BB6DA /* KeyChainAccess.swift */,
			);
			path = Model;
			sourceTree = "<group>";
		};
		F947DDDD8E386A03BBBD8A81 /* Pods */ = {
			isa = PBXGroup;
			children = (
				822787A38594B7EEB63ACF51 /* Pods-UpDay.debug.xcconfig */,
				50B108555AD692747FE5B9B2 /* Pods-UpDay.release.xcconfig */,
				302F5235654C17B974588B25 /* Pods-UpDayTests.debug.xcconfig */,
				416EE47D122BF52840157EF9 /* Pods-UpDayTests.release.xcconfig */,
			);
			path = Pods;
			sourceTree = "<group>";
		};
/* End PBXGroup section */

/* Begin PBXNativeTarget section */
		D4ECCC0622DB5E0900968BDC /* UpDay */ = {
			isa = PBXNativeTarget;
			buildConfigurationList = D4ECCC3222DB5E0C00968BDC /* Build configuration list for PBXNativeTarget "UpDay" */;
			buildPhases = (
				3B7F376357EDDA7F7E174BFE /* [CP] Check Pods Manifest.lock */,
				D4ECCC0322DB5E0900968BDC /* Sources */,
				D4ECCC0422DB5E0900968BDC /* Frameworks */,
				D4ECCC0522DB5E0900968BDC /* Resources */,
				A9558131532D52E634DDA2E8 /* [CP] Embed Pods Frameworks */,
			);
			buildRules = (
			);
			dependencies = (
			);
			name = UpDay;
			productName = UpDay;
			productReference = D4ECCC0722DB5E0900968BDC /* UpDay.app */;
			productType = "com.apple.product-type.application";
		};
		D4ECCC1D22DB5E0C00968BDC /* UpDayTests */ = {
			isa = PBXNativeTarget;
			buildConfigurationList = D4ECCC3522DB5E0C00968BDC /* Build configuration list for PBXNativeTarget "UpDayTests" */;
			buildPhases = (
				A11A14DF82FF91054A37ECBC /* [CP] Check Pods Manifest.lock */,
				D4ECCC1A22DB5E0C00968BDC /* Sources */,
				D4ECCC1B22DB5E0C00968BDC /* Frameworks */,
				D4ECCC1C22DB5E0C00968BDC /* Resources */,
				6CC345D7EFFA8B311D81FD08 /* [CP] Embed Pods Frameworks */,
			);
			buildRules = (
			);
			dependencies = (
				D4ECCC2022DB5E0C00968BDC /* PBXTargetDependency */,
			);
			name = UpDayTests;
			productName = UpDayTests;
			productReference = D4ECCC1E22DB5E0C00968BDC /* UpDayTests.xctest */;
			productType = "com.apple.product-type.bundle.unit-test";
		};
		D4ECCC2822DB5E0C00968BDC /* UpDayUITests */ = {
			isa = PBXNativeTarget;
			buildConfigurationList = D4ECCC3822DB5E0C00968BDC /* Build configuration list for PBXNativeTarget "UpDayUITests" */;
			buildPhases = (
				D4ECCC2522DB5E0C00968BDC /* Sources */,
				D4ECCC2622DB5E0C00968BDC /* Frameworks */,
				D4ECCC2722DB5E0C00968BDC /* Resources */,
			);
			buildRules = (
			);
			dependencies = (
				D4ECCC2B22DB5E0C00968BDC /* PBXTargetDependency */,
			);
			name = UpDayUITests;
			productName = UpDayUITests;
			productReference = D4ECCC2922DB5E0C00968BDC /* UpDayUITests.xctest */;
			productType = "com.apple.product-type.bundle.ui-testing";
		};
/* End PBXNativeTarget section */

/* Begin PBXProject section */
		D4ECCBFF22DB5E0900968BDC /* Project object */ = {
			isa = PBXProject;
			attributes = {
				LastSwiftUpdateCheck = 1020;
				LastUpgradeCheck = 1020;
				ORGANIZATIONNAME = "Vaibhav Bangde";
				TargetAttributes = {
					D4ECCC0622DB5E0900968BDC = {
						CreatedOnToolsVersion = 10.2.1;
					};
					D4ECCC1D22DB5E0C00968BDC = {
						CreatedOnToolsVersion = 10.2.1;
						TestTargetID = D4ECCC0622DB5E0900968BDC;
					};
					D4ECCC2822DB5E0C00968BDC = {
						CreatedOnToolsVersion = 10.2.1;
						TestTargetID = D4ECCC0622DB5E0900968BDC;
					};
				};
			};
			buildConfigurationList = D4ECCC0222DB5E0900968BDC /* Build configuration list for PBXProject "UpDay" */;
			compatibilityVersion = "Xcode 9.3";
			developmentRegion = en;
			hasScannedForEncodings = 0;
			knownRegions = (
				en,
				Base,
			);
			mainGroup = D4ECCBFE22DB5E0900968BDC;
			productRefGroup = D4ECCC0822DB5E0900968BDC /* Products */;
			projectDirPath = "";
			projectRoot = "";
			targets = (
				D4ECCC0622DB5E0900968BDC /* UpDay */,
				D4ECCC1D22DB5E0C00968BDC /* UpDayTests */,
				D4ECCC2822DB5E0C00968BDC /* UpDayUITests */,
			);
		};
/* End PBXProject section */

/* Begin PBXResourcesBuildPhase section */
		D4ECCC0522DB5E0900968BDC /* Resources */ = {
			isa = PBXResourcesBuildPhase;
			buildActionMask = 2147483647;
			files = (
				D4ECCC1822DB5E0C00968BDC /* LaunchScreen.storyboard in Resources */,
				D4ECCC1522DB5E0C00968BDC /* Assets.xcassets in Resources */,
				D4ECCC1022DB5E0900968BDC /* Main.storyboard in Resources */,
				D4C40A6422E3AF3100B341C5 /* AuthenticationCredentials.plist in Resources */,
				D47610F522E63B4200B038AE /* ApiEndPoints.plist in Resources */,
			);
			runOnlyForDeploymentPostprocessing = 0;
		};
		D4ECCC1C22DB5E0C00968BDC /* Resources */ = {
			isa = PBXResourcesBuildPhase;
			buildActionMask = 2147483647;
			files = (
				D4E5369722E50FAC004C42F4 /* dataset-one.json in Resources */,
			);
			runOnlyForDeploymentPostprocessing = 0;
		};
		D4ECCC2722DB5E0C00968BDC /* Resources */ = {
			isa = PBXResourcesBuildPhase;
			buildActionMask = 2147483647;
			files = (
			);
			runOnlyForDeploymentPostprocessing = 0;
		};
/* End PBXResourcesBuildPhase section */

/* Begin PBXShellScriptBuildPhase section */
		3B7F376357EDDA7F7E174BFE /* [CP] Check Pods Manifest.lock */ = {
			isa = PBXShellScriptBuildPhase;
			buildActionMask = 2147483647;
			files = (
			);
			inputFileListPaths = (
			);
			inputPaths = (
				"${PODS_PODFILE_DIR_PATH}/Podfile.lock",
				"${PODS_ROOT}/Manifest.lock",
			);
			name = "[CP] Check Pods Manifest.lock";
			outputFileListPaths = (
			);
			outputPaths = (
				"$(DERIVED_FILE_DIR)/Pods-UpDay-checkManifestLockResult.txt",
			);
			runOnlyForDeploymentPostprocessing = 0;
			shellPath = /bin/sh;
			shellScript = "diff \"${PODS_PODFILE_DIR_PATH}/Podfile.lock\" \"${PODS_ROOT}/Manifest.lock\" > /dev/null\nif [ $? != 0 ] ; then\n    # print error to STDERR\n    echo \"error: The sandbox is not in sync with the Podfile.lock. Run 'pod install' or update your CocoaPods installation.\" >&2\n    exit 1\nfi\n# This output is used by Xcode 'outputs' to avoid re-running this script phase.\necho \"SUCCESS\" > \"${SCRIPT_OUTPUT_FILE_0}\"\n";
			showEnvVarsInLog = 0;
		};
		6CC345D7EFFA8B311D81FD08 /* [CP] Embed Pods Frameworks */ = {
			isa = PBXShellScriptBuildPhase;
			buildActionMask = 2147483647;
			files = (
			);
			inputFileListPaths = (
				"${PODS_ROOT}/Target Support Files/Pods-UpDayTests/Pods-UpDayTests-frameworks-${CONFIGURATION}-input-files.xcfilelist",
			);
			name = "[CP] Embed Pods Frameworks";
			outputFileListPaths = (
				"${PODS_ROOT}/Target Support Files/Pods-UpDayTests/Pods-UpDayTests-frameworks-${CONFIGURATION}-output-files.xcfilelist",
			);
			runOnlyForDeploymentPostprocessing = 0;
			shellPath = /bin/sh;
			shellScript = "\"${PODS_ROOT}/Target Support Files/Pods-UpDayTests/Pods-UpDayTests-frameworks.sh\"\n";
			showEnvVarsInLog = 0;
		};
		A11A14DF82FF91054A37ECBC /* [CP] Check Pods Manifest.lock */ = {
			isa = PBXShellScriptBuildPhase;
			buildActionMask = 2147483647;
			files = (
			);
			inputFileListPaths = (
			);
			inputPaths = (
				"${PODS_PODFILE_DIR_PATH}/Podfile.lock",
				"${PODS_ROOT}/Manifest.lock",
			);
			name = "[CP] Check Pods Manifest.lock";
			outputFileListPaths = (
			);
			outputPaths = (
				"$(DERIVED_FILE_DIR)/Pods-UpDayTests-checkManifestLockResult.txt",
			);
			runOnlyForDeploymentPostprocessing = 0;
			shellPath = /bin/sh;
			shellScript = "diff \"${PODS_PODFILE_DIR_PATH}/Podfile.lock\" \"${PODS_ROOT}/Manifest.lock\" > /dev/null\nif [ $? != 0 ] ; then\n    # print error to STDERR\n    echo \"error: The sandbox is not in sync with the Podfile.lock. Run 'pod install' or update your CocoaPods installation.\" >&2\n    exit 1\nfi\n# This output is used by Xcode 'outputs' to avoid re-running this script phase.\necho \"SUCCESS\" > \"${SCRIPT_OUTPUT_FILE_0}\"\n";
			showEnvVarsInLog = 0;
		};
		A9558131532D52E634DDA2E8 /* [CP] Embed Pods Frameworks */ = {
			isa = PBXShellScriptBuildPhase;
			buildActionMask = 2147483647;
			files = (
			);
			inputFileListPaths = (
				"${PODS_ROOT}/Target Support Files/Pods-UpDay/Pods-UpDay-frameworks-${CONFIGURATION}-input-files.xcfilelist",
			);
			name = "[CP] Embed Pods Frameworks";
			outputFileListPaths = (
				"${PODS_ROOT}/Target Support Files/Pods-UpDay/Pods-UpDay-frameworks-${CONFIGURATION}-output-files.xcfilelist",
			);
			runOnlyForDeploymentPostprocessing = 0;
			shellPath = /bin/sh;
			shellScript = "\"${PODS_ROOT}/Target Support Files/Pods-UpDay/Pods-UpDay-frameworks.sh\"\n";
			showEnvVarsInLog = 0;
		};
/* End PBXShellScriptBuildPhase section */

/* Begin PBXSourcesBuildPhase section */
		D4ECCC0322DB5E0900968BDC /* Sources */ = {
			isa = PBXSourcesBuildPhase;
			buildActionMask = 2147483647;
			files = (
				D4F3F68022E6F4C3003BB6DA /* KeyChainAccess.swift in Sources */,
				D476110622E6515D00B038AE /* ReadPListFile.swift in Sources */,
				D47610F822E63C4E00B038AE /* ApiEndPoint.swift in Sources */,
				D41A207B22DBC25C00058CD7 /* FetchPicturesApi.swift in Sources */,
				D41A206322DB971400058CD7 /* ApplicationAssembly.swift in Sources */,
				D432F14A22E1025900FA1FDE /* ImageCacheAssembly.swift in Sources */,
				D4C40A6622E3B0D300B341C5 /* FetchAuthenticateTokenContract.swift in Sources */,
				D400FFF922E0A3860028F51F /* FetchImageContract.swift in Sources */,
				D47610FE22E640C900B038AE /* ApiEndPointProvider.swift in Sources */,
				D4F3F67C22E6F2F1003BB6DA /* KeyChainAccessAssembly.swift in Sources */,
				D47610FA22E63D8400B038AE /* URL+PathExtension.swift in Sources */,
				D4F3F67222E6EF2D003BB6DA /* AccessToken.swift in Sources */,
				D4ECCC0D22DB5E0900968BDC /* PicturesViewController.swift in Sources */,
				D476110222E6504E00B038AE /* FetchAuthenticateToken.swift in Sources */,
				D4C40A5822E3553E00B341C5 /* ShutterPictureAssembly.swift in Sources */,
				D41A208322DBCE4300058CD7 /* FetchPicturesService.swift in Sources */,
				D432F14F22E108EB00FA1FDE /* FetchImageInteractor.swift in Sources */,
				D41A207122DBA22900058CD7 /* NetworkAssembly.swift in Sources */,
				D4440F4B22DF4841001D415F /* PicturesViewModelContract.swift in Sources */,
				D4ECCC1322DB5E0900968BDC /* UpDay.xcdatamodeld in Sources */,
				D4C40A5C22E355C100B341C5 /* ShutterPictureViewModelContract.swift in Sources */,
				D4440F4D22DF497E001D415F /* PicturesViewModel.swift in Sources */,
				D4C40A6022E357B700B341C5 /* ShutterPictureServiceContract.swift in Sources */,
				D41A207F22DBC79F00058CD7 /* FetchPicturesServiceContract.swift in Sources */,
				D4C40A5A22E3559D00B341C5 /* ShutterPictureViewModel.swift in Sources */,
				D432F14D22E1086600FA1FDE /* FetchImageInteractorContract.swift in Sources */,
				D41A207522DBA2E800058CD7 /* ApiServiceContract.swift in Sources */,
				D41A206D22DB9F2700058CD7 /* PicturesCollectionAssembly.swift in Sources */,
				D4C40A4D22E33EC700B341C5 /* AuthenticationAssembly.swift in Sources */,
				D41A207722DBA52300058CD7 /* ApiService.swift in Sources */,
				D476110022E647AF00B038AE /* CommonAssembly.swift in Sources */,
				D4F3F67722E6F0F3003BB6DA /* AuthenticationTokenInteractor.swift in Sources */,
				D41A208522DBD0D400058CD7 /* JSONDecoderContract.swift in Sources */,
				D400FFFB22E0A4C50028F51F /* FetchImage.swift in Sources */,
				D476110822E6543900B038AE /* AuthenticationCredentialsEndPoint.swift in Sources */,
				D432F14422E0FDE600FA1FDE /* ImageCache.swift in Sources */,
				D4F3F67E22E6F37E003BB6DA /* KeyChainAccessContract.swift in Sources */,
				D476110422E650EA00B038AE /* ReadPListFileContract.swift in Sources */,
				D41A207922DBC05C00058CD7 /* ApiContract.swift in Sources */,
				D41A208722DBD11400058CD7 /* JsonDecoder.swift in Sources */,
				D48D794022E840F400B9BE70 /* GetConstantTokenContract.swift in Sources */,
				D4F3F67022E6E617003BB6DA /* AuthenticationTokenApi.swift in Sources */,
				D41A208122DBC91A00058CD7 /* PicturesList.swift in Sources */,
				D4F3F66E22E6E59A003BB6DA /* AuthenticationTokenApiContract.swift in Sources */,
				D432F14222E0FD1500FA1FDE /* ImageCacheContract.swift in Sources */,
				D4ECCC0B22DB5E0900968BDC /* AppDelegate.swift in Sources */,
				D4C40A5522E3522500B341C5 /* ShutterPictureViewController.swift in Sources */,
				D41A207D22DBC2A700058CD7 /* FetchPicturesApiContract.swift in Sources */,
				D4C40A6222E3580E00B341C5 /* ShutterPictureService.swift in Sources */,
				D48D794322E8414300B9BE70 /* GetConstantToken.swift in Sources */,
				D41EB42322DF79E600657D88 /* PicturesCollectionViewCell.swift in Sources */,
				D47610FC22E63FF200B038AE /* ApiEndPointProviderContract.swift in Sources */,
				D4F3F68422E70F5E003BB6DA /* FetchPicturesInteractor.swift in Sources */,
				D4F3F68222E70F10003BB6DA /* FetchPicturesInteractorContract.swift in Sources */,
				D4F3F67522E6F092003BB6DA /* AuthenticationTokenInteractorContract.swift in Sources */,
			);
			runOnlyForDeploymentPostprocessing = 0;
		};
		D4ECCC1A22DB5E0C00968BDC /* Sources */ = {
			isa = PBXSourcesBuildPhase;
			buildActionMask = 2147483647;
			files = (
				D4E5369522E50111004C42F4 /* SimulatedNteworkTest.swift in Sources */,
				D4ECCC2322DB5E0C00968BDC /* UpDayTests.swift in Sources */,
				D4E5369122E4FA51004C42F4 /* TestStructures.swift in Sources */,
			);
			runOnlyForDeploymentPostprocessing = 0;
		};
		D4ECCC2522DB5E0C00968BDC /* Sources */ = {
			isa = PBXSourcesBuildPhase;
			buildActionMask = 2147483647;
			files = (
				D4ECCC2E22DB5E0C00968BDC /* UpDayUITests.swift in Sources */,
			);
			runOnlyForDeploymentPostprocessing = 0;
		};
/* End PBXSourcesBuildPhase section */

/* Begin PBXTargetDependency section */
		D4ECCC2022DB5E0C00968BDC /* PBXTargetDependency */ = {
			isa = PBXTargetDependency;
			target = D4ECCC0622DB5E0900968BDC /* UpDay */;
			targetProxy = D4ECCC1F22DB5E0C00968BDC /* PBXContainerItemProxy */;
		};
		D4ECCC2B22DB5E0C00968BDC /* PBXTargetDependency */ = {
			isa = PBXTargetDependency;
			target = D4ECCC0622DB5E0900968BDC /* UpDay */;
			targetProxy = D4ECCC2A22DB5E0C00968BDC /* PBXContainerItemProxy */;
		};
/* End PBXTargetDependency section */

/* Begin PBXVariantGroup section */
		D4ECCC0E22DB5E0900968BDC /* Main.storyboard */ = {
			isa = PBXVariantGroup;
			children = (
				D4ECCC0F22DB5E0900968BDC /* Base */,
			);
			name = Main.storyboard;
			sourceTree = "<group>";
		};
		D4ECCC1622DB5E0C00968BDC /* LaunchScreen.storyboard */ = {
			isa = PBXVariantGroup;
			children = (
				D4ECCC1722DB5E0C00968BDC /* Base */,
			);
			name = LaunchScreen.storyboard;
			sourceTree = "<group>";
		};
/* End PBXVariantGroup section */

/* Begin XCBuildConfiguration section */
		D4ECCC3022DB5E0C00968BDC /* Debug */ = {
			isa = XCBuildConfiguration;
			buildSettings = {
				ALWAYS_SEARCH_USER_PATHS = NO;
				CLANG_ANALYZER_NONNULL = YES;
				CLANG_ANALYZER_NUMBER_OBJECT_CONVERSION = YES_AGGRESSIVE;
				CLANG_CXX_LANGUAGE_STANDARD = "gnu++14";
				CLANG_CXX_LIBRARY = "libc++";
				CLANG_ENABLE_MODULES = YES;
				CLANG_ENABLE_OBJC_ARC = YES;
				CLANG_ENABLE_OBJC_WEAK = YES;
				CLANG_WARN_BLOCK_CAPTURE_AUTORELEASING = YES;
				CLANG_WARN_BOOL_CONVERSION = YES;
				CLANG_WARN_COMMA = YES;
				CLANG_WARN_CONSTANT_CONVERSION = YES;
				CLANG_WARN_DEPRECATED_OBJC_IMPLEMENTATIONS = YES;
				CLANG_WARN_DIRECT_OBJC_ISA_USAGE = YES_ERROR;
				CLANG_WARN_DOCUMENTATION_COMMENTS = YES;
				CLANG_WARN_EMPTY_BODY = YES;
				CLANG_WARN_ENUM_CONVERSION = YES;
				CLANG_WARN_INFINITE_RECURSION = YES;
				CLANG_WARN_INT_CONVERSION = YES;
				CLANG_WARN_NON_LITERAL_NULL_CONVERSION = YES;
				CLANG_WARN_OBJC_IMPLICIT_RETAIN_SELF = YES;
				CLANG_WARN_OBJC_LITERAL_CONVERSION = YES;
				CLANG_WARN_OBJC_ROOT_CLASS = YES_ERROR;
				CLANG_WARN_RANGE_LOOP_ANALYSIS = YES;
				CLANG_WARN_STRICT_PROTOTYPES = YES;
				CLANG_WARN_SUSPICIOUS_MOVE = YES;
				CLANG_WARN_UNGUARDED_AVAILABILITY = YES_AGGRESSIVE;
				CLANG_WARN_UNREACHABLE_CODE = YES;
				CLANG_WARN__DUPLICATE_METHOD_MATCH = YES;
				CODE_SIGN_IDENTITY = "iPhone Developer";
				COPY_PHASE_STRIP = NO;
				DEBUG_INFORMATION_FORMAT = dwarf;
				ENABLE_STRICT_OBJC_MSGSEND = YES;
				ENABLE_TESTABILITY = YES;
				GCC_C_LANGUAGE_STANDARD = gnu11;
				GCC_DYNAMIC_NO_PIC = NO;
				GCC_NO_COMMON_BLOCKS = YES;
				GCC_OPTIMIZATION_LEVEL = 0;
				GCC_PREPROCESSOR_DEFINITIONS = (
					"DEBUG=1",
					"$(inherited)",
				);
				GCC_WARN_64_TO_32_BIT_CONVERSION = YES;
				GCC_WARN_ABOUT_RETURN_TYPE = YES_ERROR;
				GCC_WARN_UNDECLARED_SELECTOR = YES;
				GCC_WARN_UNINITIALIZED_AUTOS = YES_AGGRESSIVE;
				GCC_WARN_UNUSED_FUNCTION = YES;
				GCC_WARN_UNUSED_VARIABLE = YES;
				IPHONEOS_DEPLOYMENT_TARGET = 12.2;
				MTL_ENABLE_DEBUG_INFO = INCLUDE_SOURCE;
				MTL_FAST_MATH = YES;
				ONLY_ACTIVE_ARCH = YES;
				SDKROOT = iphoneos;
				SWIFT_ACTIVE_COMPILATION_CONDITIONS = DEBUG;
				SWIFT_OPTIMIZATION_LEVEL = "-Onone";
			};
			name = Debug;
		};
		D4ECCC3122DB5E0C00968BDC /* Release */ = {
			isa = XCBuildConfiguration;
			buildSettings = {
				ALWAYS_SEARCH_USER_PATHS = NO;
				CLANG_ANALYZER_NONNULL = YES;
				CLANG_ANALYZER_NUMBER_OBJECT_CONVERSION = YES_AGGRESSIVE;
				CLANG_CXX_LANGUAGE_STANDARD = "gnu++14";
				CLANG_CXX_LIBRARY = "libc++";
				CLANG_ENABLE_MODULES = YES;
				CLANG_ENABLE_OBJC_ARC = YES;
				CLANG_ENABLE_OBJC_WEAK = YES;
				CLANG_WARN_BLOCK_CAPTURE_AUTORELEASING = YES;
				CLANG_WARN_BOOL_CONVERSION = YES;
				CLANG_WARN_COMMA = YES;
				CLANG_WARN_CONSTANT_CONVERSION = YES;
				CLANG_WARN_DEPRECATED_OBJC_IMPLEMENTATIONS = YES;
				CLANG_WARN_DIRECT_OBJC_ISA_USAGE = YES_ERROR;
				CLANG_WARN_DOCUMENTATION_COMMENTS = YES;
				CLANG_WARN_EMPTY_BODY = YES;
				CLANG_WARN_ENUM_CONVERSION = YES;
				CLANG_WARN_INFINITE_RECURSION = YES;
				CLANG_WARN_INT_CONVERSION = YES;
				CLANG_WARN_NON_LITERAL_NULL_CONVERSION = YES;
				CLANG_WARN_OBJC_IMPLICIT_RETAIN_SELF = YES;
				CLANG_WARN_OBJC_LITERAL_CONVERSION = YES;
				CLANG_WARN_OBJC_ROOT_CLASS = YES_ERROR;
				CLANG_WARN_RANGE_LOOP_ANALYSIS = YES;
				CLANG_WARN_STRICT_PROTOTYPES = YES;
				CLANG_WARN_SUSPICIOUS_MOVE = YES;
				CLANG_WARN_UNGUARDED_AVAILABILITY = YES_AGGRESSIVE;
				CLANG_WARN_UNREACHABLE_CODE = YES;
				CLANG_WARN__DUPLICATE_METHOD_MATCH = YES;
				CODE_SIGN_IDENTITY = "iPhone Developer";
				COPY_PHASE_STRIP = NO;
				DEBUG_INFORMATION_FORMAT = "dwarf-with-dsym";
				ENABLE_NS_ASSERTIONS = NO;
				ENABLE_STRICT_OBJC_MSGSEND = YES;
				GCC_C_LANGUAGE_STANDARD = gnu11;
				GCC_NO_COMMON_BLOCKS = YES;
				GCC_WARN_64_TO_32_BIT_CONVERSION = YES;
				GCC_WARN_ABOUT_RETURN_TYPE = YES_ERROR;
				GCC_WARN_UNDECLARED_SELECTOR = YES;
				GCC_WARN_UNINITIALIZED_AUTOS = YES_AGGRESSIVE;
				GCC_WARN_UNUSED_FUNCTION = YES;
				GCC_WARN_UNUSED_VARIABLE = YES;
				IPHONEOS_DEPLOYMENT_TARGET = 12.2;
				MTL_ENABLE_DEBUG_INFO = NO;
				MTL_FAST_MATH = YES;
				SDKROOT = iphoneos;
				SWIFT_COMPILATION_MODE = wholemodule;
				SWIFT_OPTIMIZATION_LEVEL = "-O";
				VALIDATE_PRODUCT = YES;
			};
			name = Release;
		};
		D4ECCC3322DB5E0C00968BDC /* Debug */ = {
			isa = XCBuildConfiguration;
			baseConfigurationReference = 822787A38594B7EEB63ACF51 /* Pods-UpDay.debug.xcconfig */;
			buildSettings = {
				ASSETCATALOG_COMPILER_APPICON_NAME = AppIcon;
				CODE_SIGN_STYLE = Automatic;
				DEVELOPMENT_TEAM = Q3A4J433MF;
				INFOPLIST_FILE = UpDay/Info.plist;
				LD_RUNPATH_SEARCH_PATHS = (
					"$(inherited)",
					"@executable_path/Frameworks",
				);
				PRODUCT_BUNDLE_IDENTIFIER = com.vab.dev.UpDay;
				PRODUCT_NAME = "$(TARGET_NAME)";
				SWIFT_VERSION = 5.0;
				TARGETED_DEVICE_FAMILY = "1,2";
			};
			name = Debug;
		};
		D4ECCC3422DB5E0C00968BDC /* Release */ = {
			isa = XCBuildConfiguration;
			baseConfigurationReference = 50B108555AD692747FE5B9B2 /* Pods-UpDay.release.xcconfig */;
			buildSettings = {
				ASSETCATALOG_COMPILER_APPICON_NAME = AppIcon;
				CODE_SIGN_STYLE = Automatic;
				DEVELOPMENT_TEAM = Q3A4J433MF;
				INFOPLIST_FILE = UpDay/Info.plist;
				LD_RUNPATH_SEARCH_PATHS = (
					"$(inherited)",
					"@executable_path/Frameworks",
				);
				PRODUCT_BUNDLE_IDENTIFIER = com.vab.dev.UpDay;
				PRODUCT_NAME = "$(TARGET_NAME)";
				SWIFT_VERSION = 5.0;
				TARGETED_DEVICE_FAMILY = "1,2";
			};
			name = Release;
		};
		D4ECCC3622DB5E0C00968BDC /* Debug */ = {
			isa = XCBuildConfiguration;
			baseConfigurationReference = 302F5235654C17B974588B25 /* Pods-UpDayTests.debug.xcconfig */;
			buildSettings = {
				ALWAYS_EMBED_SWIFT_STANDARD_LIBRARIES = YES;
				BUNDLE_LOADER = "$(TEST_HOST)";
				CODE_SIGN_STYLE = Automatic;
				DEVELOPMENT_TEAM = Q3A4J433MF;
				INFOPLIST_FILE = UpDayTests/Info.plist;
				LD_RUNPATH_SEARCH_PATHS = (
					"$(inherited)",
					"@executable_path/Frameworks",
					"@loader_path/Frameworks",
				);
				PRODUCT_BUNDLE_IDENTIFIER = com.vab.dev.UpDayTests;
				PRODUCT_NAME = "$(TARGET_NAME)";
				SWIFT_VERSION = 5.0;
				TARGETED_DEVICE_FAMILY = "1,2";
				TEST_HOST = "$(BUILT_PRODUCTS_DIR)/UpDay.app/UpDay";
			};
			name = Debug;
		};
		D4ECCC3722DB5E0C00968BDC /* Release */ = {
			isa = XCBuildConfiguration;
			baseConfigurationReference = 416EE47D122BF52840157EF9 /* Pods-UpDayTests.release.xcconfig */;
			buildSettings = {
				ALWAYS_EMBED_SWIFT_STANDARD_LIBRARIES = YES;
				BUNDLE_LOADER = "$(TEST_HOST)";
				CODE_SIGN_STYLE = Automatic;
				DEVELOPMENT_TEAM = Q3A4J433MF;
				INFOPLIST_FILE = UpDayTests/Info.plist;
				LD_RUNPATH_SEARCH_PATHS = (
					"$(inherited)",
					"@executable_path/Frameworks",
					"@loader_path/Frameworks",
				);
				PRODUCT_BUNDLE_IDENTIFIER = com.vab.dev.UpDayTests;
				PRODUCT_NAME = "$(TARGET_NAME)";
				SWIFT_VERSION = 5.0;
				TARGETED_DEVICE_FAMILY = "1,2";
				TEST_HOST = "$(BUILT_PRODUCTS_DIR)/UpDay.app/UpDay";
			};
			name = Release;
		};
		D4ECCC3922DB5E0C00968BDC /* Debug */ = {
			isa = XCBuildConfiguration;
			buildSettings = {
				ALWAYS_EMBED_SWIFT_STANDARD_LIBRARIES = YES;
				CODE_SIGN_STYLE = Automatic;
				DEVELOPMENT_TEAM = Q3A4J433MF;
				INFOPLIST_FILE = UpDayUITests/Info.plist;
				LD_RUNPATH_SEARCH_PATHS = (
					"$(inherited)",
					"@executable_path/Frameworks",
					"@loader_path/Frameworks",
				);
				PRODUCT_BUNDLE_IDENTIFIER = com.vab.dev.UpDayUITests;
				PRODUCT_NAME = "$(TARGET_NAME)";
				SWIFT_VERSION = 5.0;
				TARGETED_DEVICE_FAMILY = "1,2";
				TEST_TARGET_NAME = UpDay;
			};
			name = Debug;
		};
		D4ECCC3A22DB5E0C00968BDC /* Release */ = {
			isa = XCBuildConfiguration;
			buildSettings = {
				ALWAYS_EMBED_SWIFT_STANDARD_LIBRARIES = YES;
				CODE_SIGN_STYLE = Automatic;
				DEVELOPMENT_TEAM = Q3A4J433MF;
				INFOPLIST_FILE = UpDayUITests/Info.plist;
				LD_RUNPATH_SEARCH_PATHS = (
					"$(inherited)",
					"@executable_path/Frameworks",
					"@loader_path/Frameworks",
				);
				PRODUCT_BUNDLE_IDENTIFIER = com.vab.dev.UpDayUITests;
				PRODUCT_NAME = "$(TARGET_NAME)";
				SWIFT_VERSION = 5.0;
				TARGETED_DEVICE_FAMILY = "1,2";
				TEST_TARGET_NAME = UpDay;
			};
			name = Release;
		};
/* End XCBuildConfiguration section */

/* Begin XCConfigurationList section */
		D4ECCC0222DB5E0900968BDC /* Build configuration list for PBXProject "UpDay" */ = {
			isa = XCConfigurationList;
			buildConfigurations = (
				D4ECCC3022DB5E0C00968BDC /* Debug */,
				D4ECCC3122DB5E0C00968BDC /* Release */,
			);
			defaultConfigurationIsVisible = 0;
			defaultConfigurationName = Release;
		};
		D4ECCC3222DB5E0C00968BDC /* Build configuration list for PBXNativeTarget "UpDay" */ = {
			isa = XCConfigurationList;
			buildConfigurations = (
				D4ECCC3322DB5E0C00968BDC /* Debug */,
				D4ECCC3422DB5E0C00968BDC /* Release */,
			);
			defaultConfigurationIsVisible = 0;
			defaultConfigurationName = Release;
		};
		D4ECCC3522DB5E0C00968BDC /* Build configuration list for PBXNativeTarget "UpDayTests" */ = {
			isa = XCConfigurationList;
			buildConfigurations = (
				D4ECCC3622DB5E0C00968BDC /* Debug */,
				D4ECCC3722DB5E0C00968BDC /* Release */,
			);
			defaultConfigurationIsVisible = 0;
			defaultConfigurationName = Release;
		};
		D4ECCC3822DB5E0C00968BDC /* Build configuration list for PBXNativeTarget "UpDayUITests" */ = {
			isa = XCConfigurationList;
			buildConfigurations = (
				D4ECCC3922DB5E0C00968BDC /* Debug */,
				D4ECCC3A22DB5E0C00968BDC /* Release */,
			);
			defaultConfigurationIsVisible = 0;
			defaultConfigurationName = Release;
		};
/* End XCConfigurationList section */

/* Begin XCVersionGroup section */
		D4ECCC1122DB5E0900968BDC /* UpDay.xcdatamodeld */ = {
			isa = XCVersionGroup;
			children = (
				D4ECCC1222DB5E0900968BDC /* UpDay.xcdatamodel */,
			);
			currentVersion = D4ECCC1222DB5E0900968BDC /* UpDay.xcdatamodel */;
			path = UpDay.xcdatamodeld;
			sourceTree = "<group>";
			versionGroupType = wrapper.xcdatamodel;
		};
/* End XCVersionGroup section */
	};
	rootObject = D4ECCBFF22DB5E0900968BDC /* Project object */;
}
